// !$*UTF8*$!
{
	archiveVersion = 1;
	classes = {
	};
	objectVersion = 46;
	objects = {

/* Begin PBXBuildFile section */
		E0ADCB8F151C125F00C06B91 /* UIKit.framework in Frameworks */ = {isa = PBXBuildFile; fileRef = E0ADCB8E151C125F00C06B91 /* UIKit.framework */; };
		E0ADCB91151C125F00C06B91 /* Foundation.framework in Frameworks */ = {isa = PBXBuildFile; fileRef = E0ADCB90151C125F00C06B91 /* Foundation.framework */; };
		E0ADCB93151C125F00C06B91 /* CoreGraphics.framework in Frameworks */ = {isa = PBXBuildFile; fileRef = E0ADCB92151C125F00C06B91 /* CoreGraphics.framework */; };
		E0ADCB99151C125F00C06B91 /* InfoPlist.strings in Resources */ = {isa = PBXBuildFile; fileRef = E0ADCB97151C125F00C06B91 /* InfoPlist.strings */; };
		E0ADCB9B151C125F00C06B91 /* main.m in Sources */ = {isa = PBXBuildFile; fileRef = E0ADCB9A151C125F00C06B91 /* main.m */; };
		E0ADCB9F151C125F00C06B91 /* AppDelegate.m in Sources */ = {isa = PBXBuildFile; fileRef = E0ADCB9E151C125F00C06B91 /* AppDelegate.m */; };
		E0ADCBA2151C125F00C06B91 /* MainStoryboard.storyboard in Resources */ = {isa = PBXBuildFile; fileRef = E0ADCBA0151C125F00C06B91 /* MainStoryboard.storyboard */; };
		E0ADCBA5151C125F00C06B91 /* ViewController.m in Sources */ = {isa = PBXBuildFile; fileRef = E0ADCBA4151C125F00C06B91 /* ViewController.m */; };
/* End PBXBuildFile section */

/* Begin PBXFileReference section */
		E0ADCB8A151C125F00C06B91 /* Ratings.app */ = {isa = PBXFileReference; explicitFileType = wrapper.application; includeInIndex = 0; path = Ratings.app; sourceTree = BUILT_PRODUCTS_DIR; };
		E0ADCB8E151C125F00C06B91 /* UIKit.framework */ = {isa = PBXFileReference; lastKnownFileType = wrapper.framework; name = UIKit.framework; path = System/Library/Frameworks/UIKit.framework; sourceTree = SDKROOT; };
		E0ADCB90151C125F00C06B91 /* Foundation.framework */ = {isa = PBXFileReference; lastKnownFileType = wrapper.framework; name = Foundation.framework; path = System/Library/Frameworks/Foundation.framework; sourceTree = SDKROOT; };
		E0ADCB92151C125F00C06B91 /* CoreGraphics.framework */ = {isa = PBXFileReference; lastKnownFileType = wrapper.framework; name = CoreGraphics.framework; path = System/Library/Frameworks/CoreGraphics.framework; sourceTree = SDKROOT; };
		E0ADCB96151C125F00C06B91 /* Ratings-Info.plist */ = {isa = PBXFileReference; path = "Ratings-Info.plist"; sourceTree = "<group>"; };
		E0ADCB98151C125F00C06B91 /* en */ = {isa = PBXFileReference; lastKnownFileType = text.plist.strings; name = en; path = en.lproj/InfoPlist.strings; sourceTree = "<group>"; };
		E0ADCB9A151C125F00C06B91 /* main.m */ = {isa = PBXFileReference; lastKnownFileType = sourcecode.c.objc; path = main.m; sourceTree = "<group>"; };
		E0ADCB9C151C125F00C06B91 /* Ratings-Prefix.pch */ = {isa = PBXFileReference; path = "Ratings-Prefix.pch"; sourceTree = "<group>"; };
		E0ADCB9D151C125F00C06B91 /* AppDelegate.h */ = {isa = PBXFileReference; path = AppDelegate.h; sourceTree = "<group>"; };
		E0ADCB9E151C125F00C06B91 /* AppDelegate.m */ = {isa = PBXFileReference; lastKnownFileType = sourcecode.c.objc; path = AppDelegate.m; sourceTree = "<group>"; };
		E0ADCBA1151C125F00C06B91 /* en */ = {isa = PBXFileReference; lastKnownFileType = file.storyboard; name = en; path = en.lproj/MainStoryboard.storyboard; sourceTree = "<group>"; };
		E0ADCBA3151C125F00C06B91 /* ViewController.h */ = {isa = PBXFileReference; path = ViewController.h; sourceTree = "<group>"; };
		E0ADCBA4151C125F00C06B91 /* ViewController.m */ = {isa = PBXFileReference; lastKnownFileType = sourcecode.c.objc; path = ViewController.m; sourceTree = "<group>"; };
/* End PBXFileReference section */

/* Begin PBXFrameworksBuildPhase section */
		E0ADCB87151C125F00C06B91 /* Frameworks */ = {
			isa = PBXFrameworksBuildPhase;
			buildActionMask = 2147483647;
			files = (
				E0ADCB8F151C125F00C06B91 /* UIKit.framework in Frameworks */,
				E0ADCB91151C125F00C06B91 /* Foundation.framework in Frameworks */,
				E0ADCB93151C125F00C06B91 /* CoreGraphics.framework in Frameworks */,
			);
			runOnlyForDeploymentPostprocessing = 0;
		};
/* End PBXFrameworksBuildPhase section */

/* Begin PBXGroup section */
		E0ADCB7F151C125F00C06B91 = {
			isa = PBXGroup;
			children = (
				E0ADCB94151C125F00C06B91 /* Ratings */,
				E0ADCB8D151C125F00C06B91 /* Frameworks */,
				E0ADCB8B151C125F00C06B91 /* Products */,
			);
			sourceTree = "<group>";
		};
		E0ADCB8B151C125F00C06B91 /* Products */ = {
			isa = PBXGroup;
			children = (
				E0ADCB8A151C125F00C06B91 /* Ratings.app */,
			);
			name = Products;
			sourceTree = "<group>";
		};
		E0ADCB8D151C125F00C06B91 /* Frameworks */ = {
			isa = PBXGroup;
			children = (
				E0ADCB8E151C125F00C06B91 /* UIKit.framework */,
				E0ADCB90151C125F00C06B91 /* Foundation.framework */,
				E0ADCB92151C125F00C06B91 /* CoreGraphics.framework */,
			);
			name = Frameworks;
			sourceTree = "<group>";
		};
		E0ADCB94151C125F00C06B91 /* Ratings */ = {
			isa = PBXGroup;
			children = (
				E0ADCB9D151C125F00C06B91 /* AppDelegate.h */,
				E0ADCB9E151C125F00C06B91 /* AppDelegate.m */,
				E0ADCBA0151C125F00C06B91 /* MainStoryboard.storyboard */,
				E0ADCBA3151C125F00C06B91 /* ViewController.h */,
				E0ADCBA4151C125F00C06B91 /* ViewController.m */,
				E0ADCB95151C125F00C06B91 /* Supporting Files */,
			);
			path = Ratings;
			sourceTree = "<group>";
		};
		E0ADCB95151C125F00C06B91 /* Supporting Files */ = {
			isa = PBXGroup;
			children = (
				E0ADCB96151C125F00C06B91 /* Ratings-Info.plist */,
				E0ADCB97151C125F00C06B91 /* InfoPlist.strings */,
				E0ADCB9A151C125F00C06B91 /* main.m */,
				E0ADCB9C151C125F00C06B91 /* Ratings-Prefix.pch */,
			);
			name = "Supporting Files";
			sourceTree = "<group>";
		};
/* End PBXGroup section */

/* Begin PBXNativeTarget section */
		E0ADCB89151C125F00C06B91 /* Ratings */ = {
			isa = PBXNativeTarget;
			buildConfigurationList = E0ADCBA8151C125F00C06B91 /* Build configuration list for PBXNativeTarget "Ratings" */;
			buildPhases = (
				E0ADCB86151C125F00C06B91 /* Sources */,
				E0ADCB87151C125F00C06B91 /* Frameworks */,
				E0ADCB88151C125F00C06B91 /* Resources */,
			);
			buildRules = (
			);
			dependencies = (
			);
			name = Ratings;
			productName = Ratings;
			productReference = E0ADCB8A151C125F00C06B91 /* Ratings.app */;
			productType = "com.apple.product-type.application";
		};
/* End PBXNativeTarget section */

/* Begin PBXProject section */
		E0ADCB81151C125F00C06B91 /* Project object */ = {
			isa = PBXProject;
			attributes = {
				LastUpgradeCheck = 0430;
			};
			buildConfigurationList = E0ADCB84151C125F00C06B91 /* Build configuration list for PBXProject "Ratings" */;
			compatibilityVersion = "Xcode 3.2";
			developmentRegion = English;
			hasScannedForEncodings = 0;
			knownRegions = (
				en,
			);
			mainGroup = E0ADCB7F151C125F00C06B91;
			productRefGroup = E0ADCB8B151C125F00C06B91 /* Products */;
			projectDirPath = "";
			projectRoot = "";
			targets = (
				E0ADCB89151C125F00C06B91 /* Ratings */,
			);
		};
/* End PBXProject section */

/* Begin PBXResourcesBuildPhase section */
		E0ADCB88151C125F00C06B91 /* Resources */ = {
			isa = PBXResourcesBuildPhase;
			buildActionMask = 2147483647;
			files = (
				E0ADCB99151C125F00C06B91 /* InfoPlist.strings in Resources */,
				E0ADCBA2151C125F00C06B91 /* MainStoryboard.storyboard in Resources */,
			);
			runOnlyForDeploymentPostprocessing = 0;
		};
/* End PBXResourcesBuildPhase section */

/* Begin PBXSourcesBuildPhase section */
		E0ADCB86151C125F00C06B91 /* Sources */ = {
			isa = PBXSourcesBuildPhase;
			buildActionMask = 2147483647;
			files = (
				E0ADCB9B151C125F00C06B91 /* main.m in Sources */,
				E0ADCB9F151C125F00C06B91 /* AppDelegate.m in Sources */,
				E0ADCBA5151C125F00C06B91 /* ViewController.m in Sources */,
			);
			runOnlyForDeploymentPostprocessing = 0;
		};
/* End PBXSourcesBuildPhase section */

/* Begin PBXVariantGroup section */
		E0ADCB97151C125F00C06B91 /* InfoPlist.strings */ = {
			isa = PBXVariantGroup;
			children = (
				E0ADCB98151C125F00C06B91 /* en */,
			);
			name = InfoPlist.strings;
			sourceTree = "<group>";
		};
		E0ADCBA0151C125F00C06B91 /* MainStoryboard.storyboard */ = {
			isa = PBXVariantGroup;
			children = (
				E0ADCBA1151C125F00C06B91 /* en */,
			);
			name = MainStoryboard.storyboard;
			sourceTree = "<group>";
		};
/* End PBXVariantGroup section */

/* Begin XCBuildConfiguration section */
		E0ADCBA6151C125F00C06B91 /* Debug */ = {
			isa = XCBuildConfiguration;
			buildSettings = {
				ALWAYS_SEARCH_USER_PATHS = NO;
				ARCHS = "$(ARCHS_STANDARD_32_BIT)";
				CLANG_ENABLE_OBJC_ARC = YES;
				"CODE_SIGN_IDENTITY[sdk=iphoneos*]" = "iPhone Developer";
				COPY_PHASE_STRIP = NO;
				GCC_C_LANGUAGE_STANDARD = gnu99;
				GCC_DYNAMIC_NO_PIC = NO;
				GCC_OPTIMIZATION_LEVEL = 0;
				GCC_PREPROCESSOR_DEFINITIONS = (
					"DEBUG=1",
					"$(inherited)",
				);
				GCC_SYMBOLS_PRIVATE_EXTERN = NO;
				GCC_VERSION = com.apple.compilers.llvm.clang.1_0;
				GCC_WARN_ABOUT_RETURN_TYPE = YES;
				GCC_WARN_UNINITIALIZED_AUTOS = YES;
				GCC_WARN_UNUSED_VARIABLE = YES;
				IPHONEOS_DEPLOYMENT_TARGET = 5.1;
				SDKROOT = iphoneos;
			};
			name = Debug;
		};
		E0ADCBA7151C125F00C06B91 /* Release */ = {
			isa = XCBuildConfiguration;
			buildSettings = {
				ALWAYS_SEARCH_USER_PATHS = NO;
				ARCHS = "$(ARCHS_STANDARD_32_BIT)";
				CLANG_ENABLE_OBJC_ARC = YES;
				"CODE_SIGN_IDENTITY[sdk=iphoneos*]" = "iPhone Developer";
				COPY_PHASE_STRIP = YES;
				GCC_C_LANGUAGE_STANDARD = gnu99;
				GCC_VERSION = com.apple.compilers.llvm.clang.1_0;
				GCC_WARN_ABOUT_RETURN_TYPE = YES;
				GCC_WARN_UNINITIALIZED_AUTOS = YES;
				GCC_WARN_UNUSED_VARIABLE = YES;
				IPHONEOS_DEPLOYMENT_TARGET = 5.1;
				OTHER_CFLAGS = "-DNS_BLOCK_ASSERTIONS=1";
				SDKROOT = iphoneos;
				VALIDATE_PRODUCT = YES;
			};
			name = Release;
		};
		E0ADCBA9151C125F00C06B91 /* Debug */ = {
			isa = XCBuildConfiguration;
			buildSettings = {
				GCC_PRECOMPILE_PREFIX_HEADER = YES;
				GCC_PREFIX_HEADER = "Ratings/Ratings-Prefix.pch";
				INFOPLIST_FILE = "Ratings/Ratings-Info.plist";
				PRODUCT_NAME = "$(TARGET_NAME)";
				WRAPPER_EXTENSION = app;
			};
			name = Debug;
		};
		E0ADCBAA151C125F00C06B91 /* Release */ = {
			isa = XCBuildConfiguration;
			buildSettings = {
				GCC_PRECOMPILE_PREFIX_HEADER = YES;
				GCC_PREFIX_HEADER = "Ratings/Ratings-Prefix.pch";
				INFOPLIST_FILE = "Ratings/Ratings-Info.plist";
				PRODUCT_NAME = "$(TARGET_NAME)";
				WRAPPER_EXTENSION = app;
			};
			name = Release;
		};
/* End XCBuildConfiguration section */

/* Begin XCConfigurationList section */
		E0ADCB84151C125F00C06B91 /* Build configuration list for PBXProject "Ratings" */ = {
			isa = XCConfigurationList;
			buildConfigurations = (
				E0ADCBA6151C125F00C06B91 /* Debug */,
				E0ADCBA7151C125F00C06B91 /* Release */,
			);
			defaultConfigurationIsVisible = 0;
			defaultConfigurationName = Release;
		};
		E0ADCBA8151C125F00C06B91 /* Build configuration list for PBXNativeTarget "Ratings" */ = {
			isa = XCConfigurationList;
			buildConfigurations = (
				E0ADCBA9151C125F00C06B91 /* Debug */,
				E0ADCBAA151C125F00C06B91 /* Release */,
			);
			defaultConfigurationIsVisible = 0;
		};
/* End XCConfigurationList section */
	};
	rootObject = E0ADCB81151C125F00C06B91 /* Project object */;
}
